
Microsoft Visual Studio Solution File, Format Version 12.00
# Visual Studio Version 17
VisualStudioVersion = 17.6.33723.286
MinimumVisualStudioVersion = 10.0.40219.1
Project("{FAE04EC0-301F-11D3-BF4B-00C04F79EFBC}") = "WarehouseManagementSystem", "WarehouseManagementSystem.csproj", "{C9A9D44D-FED9-4A4F-AE1C-31832340D1ED}"
EndProject
Global
	GlobalSection(SolutionConfigurationPlatforms) = preSolution
		Debug|Any CPU = Debug|Any CPU
		Release|Any CPU = Release|Any CPU
	EndGlobalSection
	GlobalSection(ProjectConfigurationPlatforms) = postSolution
		{C9A9D44D-FED9-4A4F-AE1C-31832340D1ED}.Debug|Any CPU.ActiveCfg = Debug|Any CPU
		{C9A9D44D-FED9-4A4F-AE1C-31832340D1ED}.Debug|Any CPU.Build.0 = Debug|Any CPU
		{C9A9D44D-FED9-4A4F-AE1C-31832340D1ED}.Release|Any CPU.ActiveCfg = Release|Any CPU
		{C9A9D44D-FED9-4A4F-AE1C-31832340D1ED}.Release|Any CPU.Build.0 = Release|Any CPU
	EndGlobalSection
	GlobalSection(SolutionProperties) = preSolution
		HideSolutionNode = FALSE
	EndGlobalSection
	GlobalSection(ExtensibilityGlobals) = postSolution
		SolutionGuid = {12FB501A-7552-482D-AC85-2CDCAF0CAF66}
	EndGlobalSection
EndGlobal
